// !$*UTF8*$!
{
	archiveVersion = 1;
	classes = {
	};
	objectVersion = 46;
	objects = {

/* Begin PBXBuildFile section */
		ECA1EA141E5F30EC003EB583 /* AppDelegate.swift in Sources */ = {isa = PBXBuildFile; fileRef = ECA1EA131E5F30EC003EB583 /* AppDelegate.swift */; };
		ECA1EA161E5F30EC003EB583 /* ViewController.swift in Sources */ = {isa = PBXBuildFile; fileRef = ECA1EA151E5F30EC003EB583 /* ViewController.swift */; };
		ECA1EA191E5F30EC003EB583 /* Main.storyboard in Resources */ = {isa = PBXBuildFile; fileRef = ECA1EA171E5F30EC003EB583 /* Main.storyboard */; };
		ECA1EA1B1E5F30EC003EB583 /* Assets.xcassets in Resources */ = {isa = PBXBuildFile; fileRef = ECA1EA1A1E5F30EC003EB583 /* Assets.xcassets */; };
		ECA1EA1E1E5F30EC003EB583 /* LaunchScreen.storyboard in Resources */ = {isa = PBXBuildFile; fileRef = ECA1EA1C1E5F30EC003EB583 /* LaunchScreen.storyboard */; };
		ECB998CD1E5F3206001AB03C /* LoginViewController.swift in Sources */ = {isa = PBXBuildFile; fileRef = ECB998CC1E5F3206001AB03C /* LoginViewController.swift */; };
		FBEB9EA76FE0943FD9E8A789 /* Pods_ParseChat.framework in Frameworks */ = {isa = PBXBuildFile; fileRef = 0C42003253824D1CB8B5A94A /* Pods_ParseChat.framework */; };
/* End PBXBuildFile section */

/* Begin PBXFileReference section */
		0C42003253824D1CB8B5A94A /* Pods_ParseChat.framework */ = {isa = PBXFileReference; explicitFileType = wrapper.framework; includeInIndex = 0; path = Pods_ParseChat.framework; sourceTree = BUILT_PRODUCTS_DIR; };
		169BFCABB42F7E50850981A2 /* Pods-ParseChat.release.xcconfig */ = {isa = PBXFileReference; includeInIndex = 1; lastKnownFileType = text.xcconfig; name = "Pods-ParseChat.release.xcconfig"; path = "Pods/Target Support Files/Pods-ParseChat/Pods-ParseChat.release.xcconfig"; sourceTree = "<group>"; };
		C958A101C046B5662BA6E210 /* Pods-ParseChat.debug.xcconfig */ = {isa = PBXFileReference; includeInIndex = 1; lastKnownFileType = text.xcconfig; name = "Pods-ParseChat.debug.xcconfig"; path = "Pods/Target Support Files/Pods-ParseChat/Pods-ParseChat.debug.xcconfig"; sourceTree = "<group>"; };
		ECA1EA101E5F30EC003EB583 /* ParseChat.app */ = {isa = PBXFileReference; explicitFileType = wrapper.application; includeInIndex = 0; path = ParseChat.app; sourceTree = BUILT_PRODUCTS_DIR; };
		ECA1EA131E5F30EC003EB583 /* AppDelegate.swift */ = {isa = PBXFileReference; lastKnownFileType = sourcecode.swift; path = AppDelegate.swift; sourceTree = "<group>"; };
		ECA1EA151E5F30EC003EB583 /* ViewController.swift */ = {isa = PBXFileReference; lastKnownFileType = sourcecode.swift; path = ViewController.swift; sourceTree = "<group>"; };
		ECA1EA181E5F30EC003EB583 /* Base */ = {isa = PBXFileReference; lastKnownFileType = file.storyboard; name = Base; path = Base.lproj/Main.storyboard; sourceTree = "<group>"; };
		ECA1EA1A1E5F30EC003EB583 /* Assets.xcassets */ = {isa = PBXFileReference; lastKnownFileType = folder.assetcatalog; path = Assets.xcassets; sourceTree = "<group>"; };
		ECA1EA1D1E5F30EC003EB583 /* Base */ = {isa = PBXFileReference; lastKnownFileType = file.storyboard; name = Base; path = Base.lproj/LaunchScreen.storyboard; sourceTree = "<group>"; };
		ECA1EA1F1E5F30EC003EB583 /* Info.plist */ = {isa = PBXFileReference; lastKnownFileType = text.plist.xml; path = Info.plist; sourceTree = "<group>"; };
		ECB998CC1E5F3206001AB03C /* LoginViewController.swift */ = {isa = PBXFileReference; fileEncoding = 4; lastKnownFileType = sourcecode.swift; path = LoginViewController.swift; sourceTree = "<group>"; };
/* End PBXFileReference section */

/* Begin PBXFrameworksBuildPhase section */
		ECA1EA0D1E5F30EC003EB583 /* Frameworks */ = {
			isa = PBXFrameworksBuildPhase;
			buildActionMask = 2147483647;
			files = (
				FBEB9EA76FE0943FD9E8A789 /* Pods_ParseChat.framework in Frameworks */,
			);
			runOnlyForDeploymentPostprocessing = 0;
		};
/* End PBXFrameworksBuildPhase section */

/* Begin PBXGroup section */
		505D8ABC05A6009277FADC05 /* Pods */ = {
			isa = PBXGroup;
			children = (
				C958A101C046B5662BA6E210 /* Pods-ParseChat.debug.xcconfig */,
				169BFCABB42F7E50850981A2 /* Pods-ParseChat.release.xcconfig */,
			);
			name = Pods;
			sourceTree = "<group>";
		};
		51C0C874D68A36C5257B557B /* Frameworks */ = {
			isa = PBXGroup;
			children = (
				0C42003253824D1CB8B5A94A /* Pods_ParseChat.framework */,
			);
			name = Frameworks;
			sourceTree = "<group>";
		};
		ECA1EA071E5F30EC003EB583 = {
			isa = PBXGroup;
			children = (
				ECA1EA121E5F30EC003EB583 /* ParseChat */,
				ECA1EA111E5F30EC003EB583 /* Products */,
				505D8ABC05A6009277FADC05 /* Pods */,
				51C0C874D68A36C5257B557B /* Frameworks */,
			);
			sourceTree = "<group>";
		};
		ECA1EA111E5F30EC003EB583 /* Products */ = {
			isa = PBXGroup;
			children = (
				ECA1EA101E5F30EC003EB583 /* ParseChat.app */,
			);
			name = Products;
			sourceTree = "<group>";
		};
		ECA1EA121E5F30EC003EB583 /* ParseChat */ = {
			isa = PBXGroup;
			children = (
				ECA1EA131E5F30EC003EB583 /* AppDelegate.swift */,
				ECA1EA151E5F30EC003EB583 /* ViewController.swift */,
				ECA1EA171E5F30EC003EB583 /* Main.storyboard */,
				ECA1EA1A1E5F30EC003EB583 /* Assets.xcassets */,
				ECA1EA1C1E5F30EC003EB583 /* LaunchScreen.storyboard */,
				ECA1EA1F1E5F30EC003EB583 /* Info.plist */,
				ECB998CC1E5F3206001AB03C /* LoginViewController.swift */,
			);
			path = ParseChat;
			sourceTree = "<group>";
		};
/* End PBXGroup section */

/* Begin PBXNativeTarget section */
		ECA1EA0F1E5F30EC003EB583 /* ParseChat */ = {
			isa = PBXNativeTarget;
			buildConfigurationList = ECA1EA221E5F30EC003EB583 /* Build configuration list for PBXNativeTarget "ParseChat" */;
			buildPhases = (
				44C88EB3BF7ADFDCF493B9BF /* [CP] Check Pods Manifest.lock */,
				ECA1EA0C1E5F30EC003EB583 /* Sources */,
				ECA1EA0D1E5F30EC003EB583 /* Frameworks */,
				ECA1EA0E1E5F30EC003EB583 /* Resources */,
				9F0E2DCA4A2559D64FF52D5D /* [CP] Embed Pods Frameworks */,
				21BD5BC9D35EF0D5EBAB4B44 /* [CP] Copy Pods Resources */,
			);
			buildRules = (
			);
			dependencies = (
			);
			name = ParseChat;
			productName = ParseChat;
			productReference = ECA1EA101E5F30EC003EB583 /* ParseChat.app */;
			productType = "com.apple.product-type.application";
		};
/* End PBXNativeTarget section */

/* Begin PBXProject section */
		ECA1EA081E5F30EC003EB583 /* Project object */ = {
			isa = PBXProject;
			attributes = {
				LastSwiftUpdateCheck = 0820;
				LastUpgradeCheck = 0820;
				ORGANIZATIONNAME = "Swapnil Tamrakar";
				TargetAttributes = {
					ECA1EA0F1E5F30EC003EB583 = {
						CreatedOnToolsVersion = 8.2.1;
						ProvisioningStyle = Automatic;
					};
				};
			};
			buildConfigurationList = ECA1EA0B1E5F30EC003EB583 /* Build configuration list for PBXProject "ParseChat" */;
			compatibilityVersion = "Xcode 3.2";
			developmentRegion = English;
			hasScannedForEncodings = 0;
			knownRegions = (
				en,
				Base,
			);
			mainGroup = ECA1EA071E5F30EC003EB583;
			productRefGroup = ECA1EA111E5F30EC003EB583 /* Products */;
			projectDirPath = "";
			projectRoot = "";
			targets = (
				ECA1EA0F1E5F30EC003EB583 /* ParseChat */,
			);
		};
/* End PBXProject section */

/* Begin PBXResourcesBuildPhase section */
		ECA1EA0E1E5F30EC003EB583 /* Resources */ = {
			isa = PBXResourcesBuildPhase;
			buildActionMask = 2147483647;
			files = (
				ECA1EA1E1E5F30EC003EB583 /* LaunchScreen.storyboard in Resources */,
				ECA1EA1B1E5F30EC003EB583 /* Assets.xcassets in Resources */,
				ECA1EA191E5F30EC003EB583 /* Main.storyboard in Resources */,
			);
			runOnlyForDeploymentPostprocessing = 0;
		};
/* End PBXResourcesBuildPhase section */

/* Begin PBXShellScriptBuildPhase section */
		21BD5BC9D35EF0D5EBAB4B44 /* [CP] Copy Pods Resources */ = {
			isa = PBXShellScriptBuildPhase;
			buildActionMask = 2147483647;
			files = (
			);
			inputPaths = (
			);
			name = "[CP] Copy Pods Resources";
			outputPaths = (
			);
			runOnlyForDeploymentPostprocessing = 0;
			shellPath = /bin/sh;
			shellScript = "\"${SRCROOT}/Pods/Target Support Files/Pods-ParseChat/Pods-ParseChat-resources.sh\"\n";
			showEnvVarsInLog = 0;
		};
		44C88EB3BF7ADFDCF493B9BF /* [CP] Check Pods Manifest.lock */ = {
			isa = PBXShellScriptBuildPhase;
			buildActionMask = 2147483647;
			files = (
			);
			inputPaths = (
			);
			name = "[CP] Check Pods Manifest.lock";
			outputPaths = (
			);
			runOnlyForDeploymentPostprocessing = 0;
			shellPath = /bin/sh;
			shellScript = "diff \"${PODS_ROOT}/../Podfile.lock\" \"${PODS_ROOT}/Manifest.lock\" > /dev/null\nif [ $? != 0 ] ; then\n    # print error to STDERR\n    echo \"error: The sandbox is not in sync with the Podfile.lock. Run 'pod install' or update your CocoaPods installation.\" >&2\n    exit 1\nfi\n";
			showEnvVarsInLog = 0;
		};
		9F0E2DCA4A2559D64FF52D5D /* [CP] Embed Pods Frameworks */ = {
			isa = PBXShellScriptBuildPhase;
			buildActionMask = 2147483647;
			files = (
			);
			inputPaths = (
			);
			name = "[CP] Embed Pods Frameworks";
			outputPaths = (
			);
			runOnlyForDeploymentPostprocessing = 0;
			shellPath = /bin/sh;
			shellScript = "\"${SRCROOT}/Pods/Target Support Files/Pods-ParseChat/Pods-ParseChat-frameworks.sh\"\n";
			showEnvVarsInLog = 0;
		};
/* End PBXShellScriptBuildPhase section */

/* Begin PBXSourcesBuildPhase section */
		ECA1EA0C1E5F30EC003EB583 /* Sources */ = {
			isa = PBXSourcesBuildPhase;
			buildActionMask = 2147483647;
			files = (
				ECB998CD1E5F3206001AB03C /* LoginViewController.swift in Sources */,
				ECA1EA161E5F30EC003EB583 /* ViewController.swift in Sources */,
				ECA1EA141E5F30EC003EB583 /* AppDelegate.swift in Sources */,
			);
			runOnlyForDeploymentPostprocessing = 0;
		};
/* End PBXSourcesBuildPhase section */

/* Begin PBXVariantGroup section */
		ECA1EA171E5F30EC003EB583 /* Main.storyboard */ = {
			isa = PBXVariantGroup;
			children = (
				ECA1EA181E5F30EC003EB583 /* Base */,
			);
			name = Main.storyboard;
			sourceTree = "<group>";
		};
		ECA1EA1C1E5F30EC003EB583 /* LaunchScreen.storyboard */ = {
			isa = PBXVariantGroup;
			children = (
				ECA1EA1D1E5F30EC003EB583 /* Base */,
			);
			name = LaunchScreen.storyboard;
			sourceTree = "<group>";
		};
/* End PBXVariantGroup section */

/* Begin XCBuildConfiguration section */
		ECA1EA201E5F30EC003EB583 /* Debug */ = {
			isa = XCBuildConfiguration;
			buildSettings = {
				ALWAYS_SEARCH_USER_PATHS = NO;
				CLANG_ANALYZER_NONNULL = YES;
				CLANG_CXX_LANGUAGE_STANDARD = "gnu++0x";
				CLANG_CXX_LIBRARY = "libc++";
				CLANG_ENABLE_MODULES = YES;
				CLANG_ENABLE_OBJC_ARC = YES;
				CLANG_WARN_BOOL_CONVERSION = YES;
				CLANG_WARN_CONSTANT_CONVERSION = YES;
				CLANG_WARN_DIRECT_OBJC_ISA_USAGE = YES_ERROR;
				CLANG_WARN_DOCUMENTATION_COMMENTS = YES;
				CLANG_WARN_EMPTY_BODY = YES;
				CLANG_WARN_ENUM_CONVERSION = YES;
				CLANG_WARN_INFINITE_RECURSION = YES;
				CLANG_WARN_INT_CONVERSION = YES;
				CLANG_WARN_OBJC_ROOT_CLASS = YES_ERROR;
				CLANG_WARN_SUSPICIOUS_MOVE = YES;
				CLANG_WARN_UNREACHABLE_CODE = YES;
				CLANG_WARN__DUPLICATE_METHOD_MATCH = YES;
				"CODE_SIGN_IDENTITY[sdk=iphoneos*]" = "iPhone Developer";
				COPY_PHASE_STRIP = NO;
				DEBUG_INFORMATION_FORMAT = dwarf;
				ENABLE_STRICT_OBJC_MSGSEND = YES;
				ENABLE_TESTABILITY = YES;
				GCC_C_LANGUAGE_STANDARD = gnu99;
				GCC_DYNAMIC_NO_PIC = NO;
				GCC_NO_COMMON_BLOCKS = YES;
				GCC_OPTIMIZATION_LEVEL = 0;
				GCC_PREPROCESSOR_DEFINITIONS = (
					"DEBUG=1",
					"$(inherited)",
				);
				GCC_WARN_64_TO_32_BIT_CONVERSION = YES;
				GCC_WARN_ABOUT_RETURN_TYPE = YES_ERROR;
				GCC_WARN_UNDECLARED_SELECTOR = YES;
				GCC_WARN_UNINITIALIZED_AUTOS = YES_AGGRESSIVE;
				GCC_WARN_UNUSED_FUNCTION = YES;
				GCC_WARN_UNUSED_VARIABLE = YES;
				IPHONEOS_DEPLOYMENT_TARGET = 10.2;
				MTL_ENABLE_DEBUG_INFO = YES;
				ONLY_ACTIVE_ARCH = YES;
				SDKROOT = iphoneos;
				SWIFT_ACTIVE_COMPILATION_CONDITIONS = DEBUG;
				SWIFT_OPTIMIZATION_LEVEL = "-Onone";
				TARGETED_DEVICE_FAMILY = "1,2";
			};
			name = Debug;
		};
		ECA1EA211E5F30EC003EB583 /* Release */ = {
			isa = XCBuildConfiguration;
			buildSettings = {
				ALWAYS_SEARCH_USER_PATHS = NO;
				CLANG_ANALYZER_NONNULL = YES;
				CLANG_CXX_LANGUAGE_STANDARD = "gnu++0x";
				CLANG_CXX_LIBRARY = "libc++";
				CLANG_ENABLE_MODULES = YES;
				CLANG_ENABLE_OBJC_ARC = YES;
				CLANG_WARN_BOOL_CONVERSION = YES;
				CLANG_WARN_CONSTANT_CONVERSION = YES;
				CLANG_WARN_DIRECT_OBJC_ISA_USAGE = YES_ERROR;
				CLANG_WARN_DOCUMENTATION_COMMENTS = YES;
				CLANG_WARN_EMPTY_BODY = YES;
				CLANG_WARN_ENUM_CONVERSION = YES;
				CLANG_WARN_INFINITE_RECURSION = YES;
				CLANG_WARN_INT_CONVERSION = YES;
				CLANG_WARN_OBJC_ROOT_CLASS = YES_ERROR;
				CLANG_WARN_SUSPICIOUS_MOVE = YES;
				CLANG_WARN_UNREACHABLE_CODE = YES;
				CLANG_WARN__DUPLICATE_METHOD_MATCH = YES;
				"CODE_SIGN_IDENTITY[sdk=iphoneos*]" = "iPhone Developer";
				COPY_PHASE_STRIP = NO;
				DEBUG_INFORMATION_FORMAT = "dwarf-with-dsym";
				ENABLE_NS_ASSERTIONS = NO;
				ENABLE_STRICT_OBJC_MSGSEND = YES;
				GCC_C_LANGUAGE_STANDARD = gnu99;
				GCC_NO_COMMON_BLOCKS = YES;
				GCC_WARN_64_TO_32_BIT_CONVERSION = YES;
				GCC_WARN_ABOUT_RETURN_TYPE = YES_ERROR;
				GCC_WARN_UNDECLARED_SELECTOR = YES;
				GCC_WARN_UNINITIALIZED_AUTOS = YES_AGGRESSIVE;
				GCC_WARN_UNUSED_FUNCTION = YES;
				GCC_WARN_UNUSED_VARIABLE = YES;
				IPHONEOS_DEPLOYMENT_TARGET = 10.2;
				MTL_ENABLE_DEBUG_INFO = NO;
				SDKROOT = iphoneos;
				SWIFT_OPTIMIZATION_LEVEL = "-Owholemodule";
				TARGETED_DEVICE_FAMILY = "1,2";
				VALIDATE_PRODUCT = YES;
			};
			name = Release;
		};
		ECA1EA231E5F30EC003EB583 /* Debug */ = {
			isa = XCBuildConfiguration;
			baseConfigurationReference = C958A101C046B5662BA6E210 /* Pods-ParseChat.debug.xcconfig */;
			buildSettings = {
				ASSETCATALOG_COMPILER_APPICON_NAME = AppIcon;
				INFOPLIST_FILE = ParseChat/Info.plist;
				LD_RUNPATH_SEARCH_PATHS = "$(inherited) @executable_path/Frameworks";
				PRODUCT_BUNDLE_IDENTIFIER = swapniltamrakar.ParseChat;
				PRODUCT_NAME = "$(TARGET_NAME)";
				SWIFT_VERSION = 3.0;
			};
			name = Debug;
		};
		ECA1EA241E5F30EC003EB583 /* Release */ = {
			isa = XCBuildConfiguration;
			baseConfigurationReference = 169BFCABB42F7E50850981A2 /* Pods-ParseChat.release.xcconfig */;
			buildSettings = {
				ASSETCATALOG_COMPILER_APPICON_NAME = AppIcon;
				INFOPLIST_FILE = ParseChat/Info.plist;
				LD_RUNPATH_SEARCH_PATHS = "$(inherited) @executable_path/Frameworks";
				PRODUCT_BUNDLE_IDENTIFIER = swapniltamrakar.ParseChat;
				PRODUCT_NAME = "$(TARGET_NAME)";
				SWIFT_VERSION = 3.0;
			};
			name = Release;
		};
/* End XCBuildConfiguration section */

/* Begin XCConfigurationList section */
		ECA1EA0B1E5F30EC003EB583 /* Build configuration list for PBXProject "ParseChat" */ = {
			isa = XCConfigurationList;
			buildConfigurations = (
				ECA1EA201E5F30EC003EB583 /* Debug */,
				ECA1EA211E5F30EC003EB583 /* Release */,
			);
			defaultConfigurationIsVisible = 0;
			defaultConfigurationName = Release;
		};
		ECA1EA221E5F30EC003EB583 /* Build configuration list for PBXNativeTarget "ParseChat" */ = {
			isa = XCConfigurationList;
			buildConfigurations = (
				ECA1EA231E5F30EC003EB583 /* Debug */,
				ECA1EA241E5F30EC003EB583 /* Release */,
			);
			defaultConfigurationIsVisible = 0;
			defaultConfigurationName = Release;
		};
/* End XCConfigurationList section */
	};
	rootObject = ECA1EA081E5F30EC003EB583 /* Project object */;
}
